
Microsoft Visual Studio Solution File, Format Version 12.00
# Visual Studio Version 16
VisualStudioVersion = 16.0.31205.134
MinimumVisualStudioVersion = 10.0.40219.1
Project("{9A19103F-16F7-4668-BE54-9A1E7A4F7556}") = "MetricCalculator.Console", "MetricCalculator\MetricCalculator.Console.csproj", "{EFC24222-C330-4BFF-A288-C808616BCE96}"
EndProject
Project("{9A19103F-16F7-4668-BE54-9A1E7A4F7556}") = "MetricCalculator.Service", "MetricCalculator.Service\MetricCalculator.Service.csproj", "{F4F31B22-90E8-48B6-BD66-27CB48F86A88}"
EndProject
Project("{9A19103F-16F7-4668-BE54-9A1E7A4F7556}") = "MetricCalculator.Logger", "MetricCalculator.Logger\MetricCalculator.Logger.csproj", "{0F9860D6-82FE-4398-A7AD-64F3712E83FD}"
EndProject
Project("{FAE04EC0-301F-11D3-BF4B-00C04F79EFBC}") = "MetricCalculator.WebRazor", "MetricCalculator.WebRazor\MetricCalculator.WebRazor.csproj", "{F5F81E58-BBE9-4D66-B1B0-C0822750AFBB}"
EndProject
Global
	GlobalSection(SolutionConfigurationPlatforms) = preSolution
		Debug|Any CPU = Debug|Any CPU
		Release|Any CPU = Release|Any CPU
	EndGlobalSection
	GlobalSection(ProjectConfigurationPlatforms) = postSolution
		{EFC24222-C330-4BFF-A288-C808616BCE96}.Debug|Any CPU.ActiveCfg = Debug|Any CPU
		{EFC24222-C330-4BFF-A288-C808616BCE96}.Debug|Any CPU.Build.0 = Debug|Any CPU
		{EFC24222-C330-4BFF-A288-C808616BCE96}.Release|Any CPU.ActiveCfg = Release|Any CPU
		{EFC24222-C330-4BFF-A288-C808616BCE96}.Release|Any CPU.Build.0 = Release|Any CPU
		{F4F31B22-90E8-48B6-BD66-27CB48F86A88}.Debug|Any CPU.ActiveCfg = Debug|Any CPU
		{F4F31B22-90E8-48B6-BD66-27CB48F86A88}.Debug|Any CPU.Build.0 = Debug|Any CPU
		{F4F31B22-90E8-48B6-BD66-27CB48F86A88}.Release|Any CPU.ActiveCfg = Release|Any CPU
		{F4F31B22-90E8-48B6-BD66-27CB48F86A88}.Release|Any CPU.Build.0 = Release|Any CPU
		{0F9860D6-82FE-4398-A7AD-64F3712E83FD}.Debug|Any CPU.ActiveCfg = Debug|Any CPU
		{0F9860D6-82FE-4398-A7AD-64F3712E83FD}.Debug|Any CPU.Build.0 = Debug|Any CPU
		{0F9860D6-82FE-4398-A7AD-64F3712E83FD}.Release|Any CPU.ActiveCfg = Release|Any CPU
		{0F9860D6-82FE-4398-A7AD-64F3712E83FD}.Release|Any CPU.Build.0 = Release|Any CPU
		{F5F81E58-BBE9-4D66-B1B0-C0822750AFBB}.Debug|Any CPU.ActiveCfg = Debug|Any CPU
		{F5F81E58-BBE9-4D66-B1B0-C0822750AFBB}.Debug|Any CPU.Build.0 = Debug|Any CPU
		{F5F81E58-BBE9-4D66-B1B0-C0822750AFBB}.Release|Any CPU.ActiveCfg = Release|Any CPU
		{F5F81E58-BBE9-4D66-B1B0-C0822750AFBB}.Release|Any CPU.Build.0 = Release|Any CPU
	EndGlobalSection
	GlobalSection(SolutionProperties) = preSolution
		HideSolutionNode = FALSE
	EndGlobalSection
	GlobalSection(ExtensibilityGlobals) = postSolution
		SolutionGuid = {B349F728-AC94-4C6B-8129-B878EB0A2C1B}
	EndGlobalSection
EndGlobal
